
Microsoft Visual Studio Solution File, Format Version 12.00
# Visual Studio Version 17
VisualStudioVersion = 17.7.34031.279
MinimumVisualStudioVersion = 10.0.40219.1
Project("{FAE04EC0-301F-11D3-BF4B-00C04F79EFBC}") = "AreaTriangle", "AreaTriangle\AreaTriangle.csproj", "{DDD7D355-D261-4B95-A14D-C0557C15CB1C}"
EndProject
Global
	GlobalSection(SolutionConfigurationPlatforms) = preSolution
		Debug|Any CPU = Debug|Any CPU
		Release|Any CPU = Release|Any CPU
	EndGlobalSection
	GlobalSection(ProjectConfigurationPlatforms) = postSolution
		{DDD7D355-D261-4B95-A14D-C0557C15CB1C}.Debug|Any CPU.ActiveCfg = Debug|Any CPU
		{DDD7D355-D261-4B95-A14D-C0557C15CB1C}.Debug|Any CPU.Build.0 = Debug|Any CPU
		{DDD7D355-D261-4B95-A14D-C0557C15CB1C}.Release|Any CPU.ActiveCfg = Release|Any CPU
		{DDD7D355-D261-4B95-A14D-C0557C15CB1C}.Release|Any CPU.Build.0 = Release|Any CPU
	EndGlobalSection
	GlobalSection(SolutionProperties) = preSolution
		HideSolutionNode = FALSE
	EndGlobalSection
	GlobalSection(ExtensibilityGlobals) = postSolution
		SolutionGuid = {9FC097CB-68AB-4EA5-8CB5-5E5828F87587}
	EndGlobalSection
EndGlobal
